
Microsoft Visual Studio Solution File, Format Version 12.00
# Visual Studio 14
VisualStudioVersion = 14.0.23107.0
MinimumVisualStudioVersion = 10.0.40219.1
Project("{FAE04EC0-301F-11D3-BF4B-00C04F79EFBC}") = "SortingAlgorithms", "SortingAlgorithms\SortingAlgorithms.csproj", "{5846F4FF-5BAC-4062-8331-AFA41CFFD87E}"
EndProject
Project("{FAE04EC0-301F-11D3-BF4B-00C04F79EFBC}") = "SortingAlgorithms.Tests", "SortingAlgorithms.Tests\SortingAlgorithms.Tests.csproj", "{BFEB0507-1B99-45B7-AF5B-9FF8D3CCABED}"
EndProject
Global
	GlobalSection(SolutionConfigurationPlatforms) = preSolution
		Debug|Any CPU = Debug|Any CPU
		Release|Any CPU = Release|Any CPU
	EndGlobalSection
	GlobalSection(ProjectConfigurationPlatforms) = postSolution
		{5846F4FF-5BAC-4062-8331-AFA41CFFD87E}.Debug|Any CPU.ActiveCfg = Debug|Any CPU
		{5846F4FF-5BAC-4062-8331-AFA41CFFD87E}.Debug|Any CPU.Build.0 = Debug|Any CPU
		{5846F4FF-5BAC-4062-8331-AFA41CFFD87E}.Release|Any CPU.ActiveCfg = Release|Any CPU
		{5846F4FF-5BAC-4062-8331-AFA41CFFD87E}.Release|Any CPU.Build.0 = Release|Any CPU
		{BFEB0507-1B99-45B7-AF5B-9FF8D3CCABED}.Debug|Any CPU.ActiveCfg = Debug|Any CPU
		{BFEB0507-1B99-45B7-AF5B-9FF8D3CCABED}.Debug|Any CPU.Build.0 = Debug|Any CPU
		{BFEB0507-1B99-45B7-AF5B-9FF8D3CCABED}.Release|Any CPU.ActiveCfg = Release|Any CPU
		{BFEB0507-1B99-45B7-AF5B-9FF8D3CCABED}.Release|Any CPU.Build.0 = Release|Any CPU
	EndGlobalSection
	GlobalSection(SolutionProperties) = preSolution
		HideSolutionNode = FALSE
	EndGlobalSection
EndGlobal
