
Microsoft Visual Studio Solution File, Format Version 12.00
# Visual Studio 14
VisualStudioVersion = 14.0.23107.0
MinimumVisualStudioVersion = 10.0.40219.1
Project("{FAE04EC0-301F-11D3-BF4B-00C04F79EFBC}") = "01. StudentRecord", "01. StudentRecord\01. StudentRecord.csproj", "{EC6C5204-9091-4112-9BAD-3E83B47CF68E}"
EndProject
Project("{FAE04EC0-301F-11D3-BF4B-00C04F79EFBC}") = "02. TradeCompany", "02. TradeCompany\02. TradeCompany.csproj", "{A869C57A-285C-4081-8464-32BE96853C88}"
EndProject
Project("{FAE04EC0-301F-11D3-BF4B-00C04F79EFBC}") = "03. BiDictionary", "03. BiDictionary\03. BiDictionary.csproj", "{3F84F3BB-98AE-4AC9-AD3E-2EAA5CCF2BC3}"
EndProject
Global
	GlobalSection(SolutionConfigurationPlatforms) = preSolution
		Debug|Any CPU = Debug|Any CPU
		Release|Any CPU = Release|Any CPU
	EndGlobalSection
	GlobalSection(ProjectConfigurationPlatforms) = postSolution
		{EC6C5204-9091-4112-9BAD-3E83B47CF68E}.Debug|Any CPU.ActiveCfg = Debug|Any CPU
		{EC6C5204-9091-4112-9BAD-3E83B47CF68E}.Debug|Any CPU.Build.0 = Debug|Any CPU
		{EC6C5204-9091-4112-9BAD-3E83B47CF68E}.Release|Any CPU.ActiveCfg = Release|Any CPU
		{EC6C5204-9091-4112-9BAD-3E83B47CF68E}.Release|Any CPU.Build.0 = Release|Any CPU
		{A869C57A-285C-4081-8464-32BE96853C88}.Debug|Any CPU.ActiveCfg = Debug|Any CPU
		{A869C57A-285C-4081-8464-32BE96853C88}.Debug|Any CPU.Build.0 = Debug|Any CPU
		{A869C57A-285C-4081-8464-32BE96853C88}.Release|Any CPU.ActiveCfg = Release|Any CPU
		{A869C57A-285C-4081-8464-32BE96853C88}.Release|Any CPU.Build.0 = Release|Any CPU
		{3F84F3BB-98AE-4AC9-AD3E-2EAA5CCF2BC3}.Debug|Any CPU.ActiveCfg = Debug|Any CPU
		{3F84F3BB-98AE-4AC9-AD3E-2EAA5CCF2BC3}.Debug|Any CPU.Build.0 = Debug|Any CPU
		{3F84F3BB-98AE-4AC9-AD3E-2EAA5CCF2BC3}.Release|Any CPU.ActiveCfg = Release|Any CPU
		{3F84F3BB-98AE-4AC9-AD3E-2EAA5CCF2BC3}.Release|Any CPU.Build.0 = Release|Any CPU
	EndGlobalSection
	GlobalSection(SolutionProperties) = preSolution
		HideSolutionNode = FALSE
	EndGlobalSection
EndGlobal
